// !$*UTF8*$!
{
	archiveVersion = 1;
	classes = {
	};
	objectVersion = 50;
	objects = {

/* Begin PBXBuildFile section */
		7F2EFBEC233D241300387871 /* UIView+Designable.swift in Sources */ = {isa = PBXBuildFile; fileRef = 7F2EFBEB233D241300387871 /* UIView+Designable.swift */; };
		7FA60157237069C70024D9C1 /* SF-Pro-Rounded-Regular.otf in Resources */ = {isa = PBXBuildFile; fileRef = 7FA6013E237069C50024D9C1 /* SF-Pro-Rounded-Regular.otf */; };
		7FA60158237069C70024D9C1 /* SF-Pro-Rounded-Semibold.otf in Resources */ = {isa = PBXBuildFile; fileRef = 7FA6013F237069C50024D9C1 /* SF-Pro-Rounded-Semibold.otf */; };
		7FA60159237069C70024D9C1 /* SF-Pro-Text-RegularItalic.otf in Resources */ = {isa = PBXBuildFile; fileRef = 7FA60140237069C50024D9C1 /* SF-Pro-Text-RegularItalic.otf */; };
		7FA6015A237069C70024D9C1 /* SF-Pro-Text-ThinItalic.otf in Resources */ = {isa = PBXBuildFile; fileRef = 7FA60141237069C60024D9C1 /* SF-Pro-Text-ThinItalic.otf */; };
		7FA6015B237069C70024D9C1 /* SF-Pro-Rounded-Heavy.otf in Resources */ = {isa = PBXBuildFile; fileRef = 7FA60142237069C60024D9C1 /* SF-Pro-Rounded-Heavy.otf */; };
		7FA6015C237069C70024D9C1 /* SF-Pro-Text-Medium.otf in Resources */ = {isa = PBXBuildFile; fileRef = 7FA60143237069C60024D9C1 /* SF-Pro-Text-Medium.otf */; };
		7FA6015D237069C70024D9C1 /* SF-Pro-Rounded-Medium.otf in Resources */ = {isa = PBXBuildFile; fileRef = 7FA60144237069C60024D9C1 /* SF-Pro-Rounded-Medium.otf */; };
		7FA6015E237069C70024D9C1 /* SF-Pro-Text-Semibold.otf in Resources */ = {isa = PBXBuildFile; fileRef = 7FA60145237069C60024D9C1 /* SF-Pro-Text-Semibold.otf */; };
		7FA6015F237069C70024D9C1 /* SF-Pro-Text-Black.otf in Resources */ = {isa = PBXBuildFile; fileRef = 7FA60146237069C60024D9C1 /* SF-Pro-Text-Black.otf */; };
		7FA60160237069C70024D9C1 /* SF-Pro-Rounded-Thin.otf in Resources */ = {isa = PBXBuildFile; fileRef = 7FA60147237069C60024D9C1 /* SF-Pro-Rounded-Thin.otf */; };
		7FA60161237069C70024D9C1 /* SF-Pro-Text-Thin.otf in Resources */ = {isa = PBXBuildFile; fileRef = 7FA60148237069C60024D9C1 /* SF-Pro-Text-Thin.otf */; };
		7FA60162237069C70024D9C1 /* SF-Pro-Rounded-Bold.otf in Resources */ = {isa = PBXBuildFile; fileRef = 7FA60149237069C60024D9C1 /* SF-Pro-Rounded-Bold.otf */; };
		7FA60163237069C70024D9C1 /* SF-Pro-Text-SemiboldItalic.otf in Resources */ = {isa = PBXBuildFile; fileRef = 7FA6014A237069C60024D9C1 /* SF-Pro-Text-SemiboldItalic.otf */; };
		7FA60164237069C70024D9C1 /* SF-Pro-Rounded-Light.otf in Resources */ = {isa = PBXBuildFile; fileRef = 7FA6014B237069C60024D9C1 /* SF-Pro-Rounded-Light.otf */; };
		7FA60165237069C70024D9C1 /* SF-Pro-Text-MediumItalic.otf in Resources */ = {isa = PBXBuildFile; fileRef = 7FA6014C237069C60024D9C1 /* SF-Pro-Text-MediumItalic.otf */; };
		7FA60166237069C70024D9C1 /* SF-Pro-Text-Light.otf in Resources */ = {isa = PBXBuildFile; fileRef = 7FA6014D237069C70024D9C1 /* SF-Pro-Text-Light.otf */; };
		7FA60167237069C70024D9C1 /* SF-Pro-Text-LightItalic.otf in Resources */ = {isa = PBXBuildFile; fileRef = 7FA6014E237069C70024D9C1 /* SF-Pro-Text-LightItalic.otf */; };
		7FA60168237069C70024D9C1 /* SF-Pro-Text-HeavyItalic.otf in Resources */ = {isa = PBXBuildFile; fileRef = 7FA6014F237069C70024D9C1 /* SF-Pro-Text-HeavyItalic.otf */; };
		7FA60169237069C70024D9C1 /* SF-Pro-Text-Heavy.otf in Resources */ = {isa = PBXBuildFile; fileRef = 7FA60150237069C70024D9C1 /* SF-Pro-Text-Heavy.otf */; };
		7FA6016A237069C70024D9C1 /* SF-Pro-Text-Ultralight.otf in Resources */ = {isa = PBXBuildFile; fileRef = 7FA60151237069C70024D9C1 /* SF-Pro-Text-Ultralight.otf */; };
		7FA6016B237069C70024D9C1 /* SF-Pro-Text-BlackItalic.otf in Resources */ = {isa = PBXBuildFile; fileRef = 7FA60152237069C70024D9C1 /* SF-Pro-Text-BlackItalic.otf */; };
		7FA6016C237069C70024D9C1 /* SF-Pro-Text-Regular.otf in Resources */ = {isa = PBXBuildFile; fileRef = 7FA60153237069C70024D9C1 /* SF-Pro-Text-Regular.otf */; };
		7FA6016D237069C70024D9C1 /* SF-Pro-Rounded-Ultralight.otf in Resources */ = {isa = PBXBuildFile; fileRef = 7FA60154237069C70024D9C1 /* SF-Pro-Rounded-Ultralight.otf */; };
		7FA6016E237069C70024D9C1 /* SF-Pro-Text-BoldItalic.otf in Resources */ = {isa = PBXBuildFile; fileRef = 7FA60155237069C70024D9C1 /* SF-Pro-Text-BoldItalic.otf */; };
		7FA6016F237069C70024D9C1 /* SF-Pro-Text-Bold.otf in Resources */ = {isa = PBXBuildFile; fileRef = 7FA60156237069C70024D9C1 /* SF-Pro-Text-Bold.otf */; };
		7FD0AEC0233C88C80095AC90 /* AppDelegate.swift in Sources */ = {isa = PBXBuildFile; fileRef = 7FD0AEBF233C88C80095AC90 /* AppDelegate.swift */; };
		7FD0AEC2233C88C80095AC90 /* HomeViewController.swift in Sources */ = {isa = PBXBuildFile; fileRef = 7FD0AEC1233C88C80095AC90 /* HomeViewController.swift */; };
		7FD0AEC5233C88C80095AC90 /* Home.storyboard in Resources */ = {isa = PBXBuildFile; fileRef = 7FD0AEC3233C88C80095AC90 /* Home.storyboard */; };
		7FD0AEC7233C88C80095AC90 /* Assets.xcassets in Resources */ = {isa = PBXBuildFile; fileRef = 7FD0AEC6233C88C80095AC90 /* Assets.xcassets */; };
		7FD0AECA233C88C80095AC90 /* LaunchScreen.storyboard in Resources */ = {isa = PBXBuildFile; fileRef = 7FD0AEC8233C88C80095AC90 /* LaunchScreen.storyboard */; };
		7FFC84A523573F36006F7337 /* HistoryTableViewCell.swift in Sources */ = {isa = PBXBuildFile; fileRef = 7FFC84A423573F36006F7337 /* HistoryTableViewCell.swift */; };
/* End PBXBuildFile section */

/* Begin PBXFileReference section */
		7F2EFBEB233D241300387871 /* UIView+Designable.swift */ = {isa = PBXFileReference; lastKnownFileType = sourcecode.swift; path = "UIView+Designable.swift"; sourceTree = "<group>"; };
		7FA6013E237069C50024D9C1 /* SF-Pro-Rounded-Regular.otf */ = {isa = PBXFileReference; lastKnownFileType = file; path = "SF-Pro-Rounded-Regular.otf"; sourceTree = "<group>"; };
		7FA6013F237069C50024D9C1 /* SF-Pro-Rounded-Semibold.otf */ = {isa = PBXFileReference; lastKnownFileType = file; path = "SF-Pro-Rounded-Semibold.otf"; sourceTree = "<group>"; };
		7FA60140237069C50024D9C1 /* SF-Pro-Text-RegularItalic.otf */ = {isa = PBXFileReference; lastKnownFileType = file; path = "SF-Pro-Text-RegularItalic.otf"; sourceTree = "<group>"; };
		7FA60141237069C60024D9C1 /* SF-Pro-Text-ThinItalic.otf */ = {isa = PBXFileReference; lastKnownFileType = file; path = "SF-Pro-Text-ThinItalic.otf"; sourceTree = "<group>"; };
		7FA60142237069C60024D9C1 /* SF-Pro-Rounded-Heavy.otf */ = {isa = PBXFileReference; lastKnownFileType = file; path = "SF-Pro-Rounded-Heavy.otf"; sourceTree = "<group>"; };
		7FA60143237069C60024D9C1 /* SF-Pro-Text-Medium.otf */ = {isa = PBXFileReference; lastKnownFileType = file; path = "SF-Pro-Text-Medium.otf"; sourceTree = "<group>"; };
		7FA60144237069C60024D9C1 /* SF-Pro-Rounded-Medium.otf */ = {isa = PBXFileReference; lastKnownFileType = file; path = "SF-Pro-Rounded-Medium.otf"; sourceTree = "<group>"; };
		7FA60145237069C60024D9C1 /* SF-Pro-Text-Semibold.otf */ = {isa = PBXFileReference; lastKnownFileType = file; path = "SF-Pro-Text-Semibold.otf"; sourceTree = "<group>"; };
		7FA60146237069C60024D9C1 /* SF-Pro-Text-Black.otf */ = {isa = PBXFileReference; lastKnownFileType = file; path = "SF-Pro-Text-Black.otf"; sourceTree = "<group>"; };
		7FA60147237069C60024D9C1 /* SF-Pro-Rounded-Thin.otf */ = {isa = PBXFileReference; lastKnownFileType = file; path = "SF-Pro-Rounded-Thin.otf"; sourceTree = "<group>"; };
		7FA60148237069C60024D9C1 /* SF-Pro-Text-Thin.otf */ = {isa = PBXFileReference; lastKnownFileType = file; path = "SF-Pro-Text-Thin.otf"; sourceTree = "<group>"; };
		7FA60149237069C60024D9C1 /* SF-Pro-Rounded-Bold.otf */ = {isa = PBXFileReference; lastKnownFileType = file; path = "SF-Pro-Rounded-Bold.otf"; sourceTree = "<group>"; };
		7FA6014A237069C60024D9C1 /* SF-Pro-Text-SemiboldItalic.otf */ = {isa = PBXFileReference; lastKnownFileType = file; path = "SF-Pro-Text-SemiboldItalic.otf"; sourceTree = "<group>"; };
		7FA6014B237069C60024D9C1 /* SF-Pro-Rounded-Light.otf */ = {isa = PBXFileReference; lastKnownFileType = file; path = "SF-Pro-Rounded-Light.otf"; sourceTree = "<group>"; };
		7FA6014C237069C60024D9C1 /* SF-Pro-Text-MediumItalic.otf */ = {isa = PBXFileReference; lastKnownFileType = file; path = "SF-Pro-Text-MediumItalic.otf"; sourceTree = "<group>"; };
		7FA6014D237069C70024D9C1 /* SF-Pro-Text-Light.otf */ = {isa = PBXFileReference; lastKnownFileType = file; path = "SF-Pro-Text-Light.otf"; sourceTree = "<group>"; };
		7FA6014E237069C70024D9C1 /* SF-Pro-Text-LightItalic.otf */ = {isa = PBXFileReference; lastKnownFileType = file; path = "SF-Pro-Text-LightItalic.otf"; sourceTree = "<group>"; };
		7FA6014F237069C70024D9C1 /* SF-Pro-Text-HeavyItalic.otf */ = {isa = PBXFileReference; lastKnownFileType = file; path = "SF-Pro-Text-HeavyItalic.otf"; sourceTree = "<group>"; };
		7FA60150237069C70024D9C1 /* SF-Pro-Text-Heavy.otf */ = {isa = PBXFileReference; lastKnownFileType = file; path = "SF-Pro-Text-Heavy.otf"; sourceTree = "<group>"; };
		7FA60151237069C70024D9C1 /* SF-Pro-Text-Ultralight.otf */ = {isa = PBXFileReference; lastKnownFileType = file; path = "SF-Pro-Text-Ultralight.otf"; sourceTree = "<group>"; };
		7FA60152237069C70024D9C1 /* SF-Pro-Text-BlackItalic.otf */ = {isa = PBXFileReference; lastKnownFileType = file; path = "SF-Pro-Text-BlackItalic.otf"; sourceTree = "<group>"; };
		7FA60153237069C70024D9C1 /* SF-Pro-Text-Regular.otf */ = {isa = PBXFileReference; lastKnownFileType = file; path = "SF-Pro-Text-Regular.otf"; sourceTree = "<group>"; };
		7FA60154237069C70024D9C1 /* SF-Pro-Rounded-Ultralight.otf */ = {isa = PBXFileReference; lastKnownFileType = file; path = "SF-Pro-Rounded-Ultralight.otf"; sourceTree = "<group>"; };
		7FA60155237069C70024D9C1 /* SF-Pro-Text-BoldItalic.otf */ = {isa = PBXFileReference; lastKnownFileType = file; path = "SF-Pro-Text-BoldItalic.otf"; sourceTree = "<group>"; };
		7FA60156237069C70024D9C1 /* SF-Pro-Text-Bold.otf */ = {isa = PBXFileReference; lastKnownFileType = file; path = "SF-Pro-Text-Bold.otf"; sourceTree = "<group>"; };
		7FD0AEBC233C88C80095AC90 /* SwipeCalc.app */ = {isa = PBXFileReference; explicitFileType = wrapper.application; includeInIndex = 0; path = SwipeCalc.app; sourceTree = BUILT_PRODUCTS_DIR; };
		7FD0AEBF233C88C80095AC90 /* AppDelegate.swift */ = {isa = PBXFileReference; lastKnownFileType = sourcecode.swift; path = AppDelegate.swift; sourceTree = "<group>"; };
		7FD0AEC1233C88C80095AC90 /* HomeViewController.swift */ = {isa = PBXFileReference; lastKnownFileType = sourcecode.swift; path = HomeViewController.swift; sourceTree = "<group>"; };
		7FD0AEC4233C88C80095AC90 /* Base */ = {isa = PBXFileReference; lastKnownFileType = file.storyboard; name = Base; path = Base.lproj/Home.storyboard; sourceTree = "<group>"; };
		7FD0AEC6233C88C80095AC90 /* Assets.xcassets */ = {isa = PBXFileReference; lastKnownFileType = folder.assetcatalog; path = Assets.xcassets; sourceTree = "<group>"; };
		7FD0AEC9233C88C80095AC90 /* Base */ = {isa = PBXFileReference; lastKnownFileType = file.storyboard; name = Base; path = Base.lproj/LaunchScreen.storyboard; sourceTree = "<group>"; };
		7FD0AECB233C88C80095AC90 /* Info.plist */ = {isa = PBXFileReference; lastKnownFileType = text.plist.xml; path = Info.plist; sourceTree = "<group>"; };
		7FFC84A423573F36006F7337 /* HistoryTableViewCell.swift */ = {isa = PBXFileReference; lastKnownFileType = sourcecode.swift; path = HistoryTableViewCell.swift; sourceTree = "<group>"; };
/* End PBXFileReference section */

/* Begin PBXFrameworksBuildPhase section */
		7FD0AEB9233C88C80095AC90 /* Frameworks */ = {
			isa = PBXFrameworksBuildPhase;
			buildActionMask = 2147483647;
			files = (
			);
			runOnlyForDeploymentPostprocessing = 0;
		};
/* End PBXFrameworksBuildPhase section */

/* Begin PBXGroup section */
		7F2EFBEA233D23F200387871 /* Designables */ = {
			isa = PBXGroup;
			children = (
				7F2EFBEB233D241300387871 /* UIView+Designable.swift */,
			);
			path = Designables;
			sourceTree = "<group>";
		};
		7F2EFBED233D264F00387871 /* Assets */ = {
			isa = PBXGroup;
			children = (
				7FD0AEC6233C88C80095AC90 /* Assets.xcassets */,
				7F2EFBEE233D265900387871 /* Fonts */,
			);
			path = Assets;
			sourceTree = "<group>";
		};
		7F2EFBEE233D265900387871 /* Fonts */ = {
			isa = PBXGroup;
			children = (
				7FA60149237069C60024D9C1 /* SF-Pro-Rounded-Bold.otf */,
				7FA60142237069C60024D9C1 /* SF-Pro-Rounded-Heavy.otf */,
				7FA6014B237069C60024D9C1 /* SF-Pro-Rounded-Light.otf */,
				7FA60144237069C60024D9C1 /* SF-Pro-Rounded-Medium.otf */,
				7FA6013E237069C50024D9C1 /* SF-Pro-Rounded-Regular.otf */,
				7FA6013F237069C50024D9C1 /* SF-Pro-Rounded-Semibold.otf */,
				7FA60147237069C60024D9C1 /* SF-Pro-Rounded-Thin.otf */,
				7FA60154237069C70024D9C1 /* SF-Pro-Rounded-Ultralight.otf */,
				7FA60146237069C60024D9C1 /* SF-Pro-Text-Black.otf */,
				7FA60152237069C70024D9C1 /* SF-Pro-Text-BlackItalic.otf */,
				7FA60156237069C70024D9C1 /* SF-Pro-Text-Bold.otf */,
				7FA60155237069C70024D9C1 /* SF-Pro-Text-BoldItalic.otf */,
				7FA60150237069C70024D9C1 /* SF-Pro-Text-Heavy.otf */,
				7FA6014F237069C70024D9C1 /* SF-Pro-Text-HeavyItalic.otf */,
				7FA6014D237069C70024D9C1 /* SF-Pro-Text-Light.otf */,
				7FA6014E237069C70024D9C1 /* SF-Pro-Text-LightItalic.otf */,
				7FA60143237069C60024D9C1 /* SF-Pro-Text-Medium.otf */,
				7FA6014C237069C60024D9C1 /* SF-Pro-Text-MediumItalic.otf */,
				7FA60153237069C70024D9C1 /* SF-Pro-Text-Regular.otf */,
				7FA60140237069C50024D9C1 /* SF-Pro-Text-RegularItalic.otf */,
				7FA60145237069C60024D9C1 /* SF-Pro-Text-Semibold.otf */,
				7FA6014A237069C60024D9C1 /* SF-Pro-Text-SemiboldItalic.otf */,
				7FA60148237069C60024D9C1 /* SF-Pro-Text-Thin.otf */,
				7FA60141237069C60024D9C1 /* SF-Pro-Text-ThinItalic.otf */,
				7FA60151237069C70024D9C1 /* SF-Pro-Text-Ultralight.otf */,
			);
			path = Fonts;
			sourceTree = "<group>";
		};
		7FD0AEB3233C88C80095AC90 = {
			isa = PBXGroup;
			children = (
				7FD0AEBE233C88C80095AC90 /* SwipeCalc */,
				7FD0AEBD233C88C80095AC90 /* Products */,
			);
			sourceTree = "<group>";
		};
		7FD0AEBD233C88C80095AC90 /* Products */ = {
			isa = PBXGroup;
			children = (
				7FD0AEBC233C88C80095AC90 /* SwipeCalc.app */,
			);
			name = Products;
			sourceTree = "<group>";
		};
		7FD0AEBE233C88C80095AC90 /* SwipeCalc */ = {
			isa = PBXGroup;
			children = (
				7F2EFBED233D264F00387871 /* Assets */,
				7F2EFBEA233D23F200387871 /* Designables */,
				7FD0AED5233C8A240095AC90 /* SupportFIles */,
				7FD0AED3233C8A100095AC90 /* Storyboards */,
				7FD0AED2233C89ED0095AC90 /* Views */,
				7FD0AED1233C89DF0095AC90 /* Controllers */,
			);
			path = SwipeCalc;
			sourceTree = "<group>";
		};
		7FD0AED1233C89DF0095AC90 /* Controllers */ = {
			isa = PBXGroup;
			children = (
				7FD0AEC1233C88C80095AC90 /* HomeViewController.swift */,
			);
			path = Controllers;
			sourceTree = "<group>";
		};
		7FD0AED2233C89ED0095AC90 /* Views */ = {
			isa = PBXGroup;
			children = (
				7FFC84A423573F36006F7337 /* HistoryTableViewCell.swift */,
			);
			path = Views;
			sourceTree = "<group>";
		};
		7FD0AED3233C8A100095AC90 /* Storyboards */ = {
			isa = PBXGroup;
			children = (
				7FD0AEC3233C88C80095AC90 /* Home.storyboard */,
				7FD0AEC8233C88C80095AC90 /* LaunchScreen.storyboard */,
			);
			path = Storyboards;
			sourceTree = "<group>";
		};
		7FD0AED5233C8A240095AC90 /* SupportFIles */ = {
			isa = PBXGroup;
			children = (
				7FD0AEBF233C88C80095AC90 /* AppDelegate.swift */,
				7FD0AECB233C88C80095AC90 /* Info.plist */,
			);
			path = SupportFIles;
			sourceTree = "<group>";
		};
/* End PBXGroup section */

/* Begin PBXNativeTarget section */
		7FD0AEBB233C88C80095AC90 /* SwipeCalc */ = {
			isa = PBXNativeTarget;
			buildConfigurationList = 7FD0AECE233C88C80095AC90 /* Build configuration list for PBXNativeTarget "SwipeCalc" */;
			buildPhases = (
				7FD0AEB8233C88C80095AC90 /* Sources */,
				7FD0AEB9233C88C80095AC90 /* Frameworks */,
				7FD0AEBA233C88C80095AC90 /* Resources */,
			);
			buildRules = (
			);
			dependencies = (
			);
			name = SwipeCalc;
			productName = SwipeCalc;
			productReference = 7FD0AEBC233C88C80095AC90 /* SwipeCalc.app */;
			productType = "com.apple.product-type.application";
		};
/* End PBXNativeTarget section */

/* Begin PBXProject section */
		7FD0AEB4233C88C80095AC90 /* Project object */ = {
			isa = PBXProject;
			attributes = {
				LastSwiftUpdateCheck = 1030;
				LastUpgradeCheck = 1030;
				ORGANIZATIONNAME = "Paul Loots";
				TargetAttributes = {
					7FD0AEBB233C88C80095AC90 = {
						CreatedOnToolsVersion = 10.3;
					};
				};
			};
			buildConfigurationList = 7FD0AEB7233C88C80095AC90 /* Build configuration list for PBXProject "SwipeCalc" */;
			compatibilityVersion = "Xcode 9.3";
			developmentRegion = en;
			hasScannedForEncodings = 0;
			knownRegions = (
				en,
				Base,
			);
			mainGroup = 7FD0AEB3233C88C80095AC90;
			productRefGroup = 7FD0AEBD233C88C80095AC90 /* Products */;
			projectDirPath = "";
			projectRoot = "";
			targets = (
				7FD0AEBB233C88C80095AC90 /* SwipeCalc */,
			);
		};
/* End PBXProject section */

/* Begin PBXResourcesBuildPhase section */
		7FD0AEBA233C88C80095AC90 /* Resources */ = {
			isa = PBXResourcesBuildPhase;
			buildActionMask = 2147483647;
			files = (
				7FA60163237069C70024D9C1 /* SF-Pro-Text-SemiboldItalic.otf in Resources */,
				7FA60160237069C70024D9C1 /* SF-Pro-Rounded-Thin.otf in Resources */,
				7FA6015A237069C70024D9C1 /* SF-Pro-Text-ThinItalic.otf in Resources */,
				7FA6016B237069C70024D9C1 /* SF-Pro-Text-BlackItalic.otf in Resources */,
				7FA60169237069C70024D9C1 /* SF-Pro-Text-Heavy.otf in Resources */,
				7FA6015D237069C70024D9C1 /* SF-Pro-Rounded-Medium.otf in Resources */,
				7FA60166237069C70024D9C1 /* SF-Pro-Text-Light.otf in Resources */,
				7FA60164237069C70024D9C1 /* SF-Pro-Rounded-Light.otf in Resources */,
				7FD0AECA233C88C80095AC90 /* LaunchScreen.storyboard in Resources */,
				7FA60165237069C70024D9C1 /* SF-Pro-Text-MediumItalic.otf in Resources */,
				7FA60157237069C70024D9C1 /* SF-Pro-Rounded-Regular.otf in Resources */,
				7FD0AEC7233C88C80095AC90 /* Assets.xcassets in Resources */,
				7FA6016A237069C70024D9C1 /* SF-Pro-Text-Ultralight.otf in Resources */,
				7FA60167237069C70024D9C1 /* SF-Pro-Text-LightItalic.otf in Resources */,
				7FA60168237069C70024D9C1 /* SF-Pro-Text-HeavyItalic.otf in Resources */,
				7FD0AEC5233C88C80095AC90 /* Home.storyboard in Resources */,
				7FA6016E237069C70024D9C1 /* SF-Pro-Text-BoldItalic.otf in Resources */,
				7FA6016C237069C70024D9C1 /* SF-Pro-Text-Regular.otf in Resources */,
				7FA60159237069C70024D9C1 /* SF-Pro-Text-RegularItalic.otf in Resources */,
				7FA6016D237069C70024D9C1 /* SF-Pro-Rounded-Ultralight.otf in Resources */,
				7FA6015F237069C70024D9C1 /* SF-Pro-Text-Black.otf in Resources */,
				7FA60162237069C70024D9C1 /* SF-Pro-Rounded-Bold.otf in Resources */,
				7FA6016F237069C70024D9C1 /* SF-Pro-Text-Bold.otf in Resources */,
				7FA6015B237069C70024D9C1 /* SF-Pro-Rounded-Heavy.otf in Resources */,
				7FA6015E237069C70024D9C1 /* SF-Pro-Text-Semibold.otf in Resources */,
				7FA60158237069C70024D9C1 /* SF-Pro-Rounded-Semibold.otf in Resources */,
				7FA60161237069C70024D9C1 /* SF-Pro-Text-Thin.otf in Resources */,
				7FA6015C237069C70024D9C1 /* SF-Pro-Text-Medium.otf in Resources */,
			);
			runOnlyForDeploymentPostprocessing = 0;
		};
/* End PBXResourcesBuildPhase section */

/* Begin PBXSourcesBuildPhase section */
		7FD0AEB8233C88C80095AC90 /* Sources */ = {
			isa = PBXSourcesBuildPhase;
			buildActionMask = 2147483647;
			files = (
				7FD0AEC2233C88C80095AC90 /* HomeViewController.swift in Sources */,
				7FD0AEC0233C88C80095AC90 /* AppDelegate.swift in Sources */,
				7FFC84A523573F36006F7337 /* HistoryTableViewCell.swift in Sources */,
				7F2EFBEC233D241300387871 /* UIView+Designable.swift in Sources */,
			);
			runOnlyForDeploymentPostprocessing = 0;
		};
/* End PBXSourcesBuildPhase section */

/* Begin PBXVariantGroup section */
		7FD0AEC3233C88C80095AC90 /* Home.storyboard */ = {
			isa = PBXVariantGroup;
			children = (
				7FD0AEC4233C88C80095AC90 /* Base */,
			);
			name = Home.storyboard;
			sourceTree = "<group>";
		};
		7FD0AEC8233C88C80095AC90 /* LaunchScreen.storyboard */ = {
			isa = PBXVariantGroup;
			children = (
				7FD0AEC9233C88C80095AC90 /* Base */,
			);
			name = LaunchScreen.storyboard;
			sourceTree = "<group>";
		};
/* End PBXVariantGroup section */

/* Begin XCBuildConfiguration section */
		7FD0AECC233C88C80095AC90 /* Debug */ = {
			isa = XCBuildConfiguration;
			buildSettings = {
				ALWAYS_SEARCH_USER_PATHS = NO;
				CLANG_ANALYZER_NONNULL = YES;
				CLANG_ANALYZER_NUMBER_OBJECT_CONVERSION = YES_AGGRESSIVE;
				CLANG_CXX_LANGUAGE_STANDARD = "gnu++14";
				CLANG_CXX_LIBRARY = "libc++";
				CLANG_ENABLE_MODULES = YES;
				CLANG_ENABLE_OBJC_ARC = YES;
				CLANG_ENABLE_OBJC_WEAK = YES;
				CLANG_WARN_BLOCK_CAPTURE_AUTORELEASING = YES;
				CLANG_WARN_BOOL_CONVERSION = YES;
				CLANG_WARN_COMMA = YES;
				CLANG_WARN_CONSTANT_CONVERSION = YES;
				CLANG_WARN_DEPRECATED_OBJC_IMPLEMENTATIONS = YES;
				CLANG_WARN_DIRECT_OBJC_ISA_USAGE = YES_ERROR;
				CLANG_WARN_DOCUMENTATION_COMMENTS = YES;
				CLANG_WARN_EMPTY_BODY = YES;
				CLANG_WARN_ENUM_CONVERSION = YES;
				CLANG_WARN_INFINITE_RECURSION = YES;
				CLANG_WARN_INT_CONVERSION = YES;
				CLANG_WARN_NON_LITERAL_NULL_CONVERSION = YES;
				CLANG_WARN_OBJC_IMPLICIT_RETAIN_SELF = YES;
				CLANG_WARN_OBJC_LITERAL_CONVERSION = YES;
				CLANG_WARN_OBJC_ROOT_CLASS = YES_ERROR;
				CLANG_WARN_RANGE_LOOP_ANALYSIS = YES;
				CLANG_WARN_STRICT_PROTOTYPES = YES;
				CLANG_WARN_SUSPICIOUS_MOVE = YES;
				CLANG_WARN_UNGUARDED_AVAILABILITY = YES_AGGRESSIVE;
				CLANG_WARN_UNREACHABLE_CODE = YES;
				CLANG_WARN__DUPLICATE_METHOD_MATCH = YES;
				CODE_SIGN_IDENTITY = "iPhone Developer";
				COPY_PHASE_STRIP = NO;
				DEBUG_INFORMATION_FORMAT = dwarf;
				ENABLE_STRICT_OBJC_MSGSEND = YES;
				ENABLE_TESTABILITY = YES;
				GCC_C_LANGUAGE_STANDARD = gnu11;
				GCC_DYNAMIC_NO_PIC = NO;
				GCC_NO_COMMON_BLOCKS = YES;
				GCC_OPTIMIZATION_LEVEL = 0;
				GCC_PREPROCESSOR_DEFINITIONS = (
					"DEBUG=1",
					"$(inherited)",
				);
				GCC_WARN_64_TO_32_BIT_CONVERSION = YES;
				GCC_WARN_ABOUT_RETURN_TYPE = YES_ERROR;
				GCC_WARN_UNDECLARED_SELECTOR = YES;
				GCC_WARN_UNINITIALIZED_AUTOS = YES_AGGRESSIVE;
				GCC_WARN_UNUSED_FUNCTION = YES;
				GCC_WARN_UNUSED_VARIABLE = YES;
				IPHONEOS_DEPLOYMENT_TARGET = 12.4;
				MTL_ENABLE_DEBUG_INFO = INCLUDE_SOURCE;
				MTL_FAST_MATH = YES;
				ONLY_ACTIVE_ARCH = YES;
				SDKROOT = iphoneos;
				SWIFT_ACTIVE_COMPILATION_CONDITIONS = DEBUG;
				SWIFT_OPTIMIZATION_LEVEL = "-Onone";
			};
			name = Debug;
		};
		7FD0AECD233C88C80095AC90 /* Release */ = {
			isa = XCBuildConfiguration;
			buildSettings = {
				ALWAYS_SEARCH_USER_PATHS = NO;
				CLANG_ANALYZER_NONNULL = YES;
				CLANG_ANALYZER_NUMBER_OBJECT_CONVERSION = YES_AGGRESSIVE;
				CLANG_CXX_LANGUAGE_STANDARD = "gnu++14";
				CLANG_CXX_LIBRARY = "libc++";
				CLANG_ENABLE_MODULES = YES;
				CLANG_ENABLE_OBJC_ARC = YES;
				CLANG_ENABLE_OBJC_WEAK = YES;
				CLANG_WARN_BLOCK_CAPTURE_AUTORELEASING = YES;
				CLANG_WARN_BOOL_CONVERSION = YES;
				CLANG_WARN_COMMA = YES;
				CLANG_WARN_CONSTANT_CONVERSION = YES;
				CLANG_WARN_DEPRECATED_OBJC_IMPLEMENTATIONS = YES;
				CLANG_WARN_DIRECT_OBJC_ISA_USAGE = YES_ERROR;
				CLANG_WARN_DOCUMENTATION_COMMENTS = YES;
				CLANG_WARN_EMPTY_BODY = YES;
				CLANG_WARN_ENUM_CONVERSION = YES;
				CLANG_WARN_INFINITE_RECURSION = YES;
				CLANG_WARN_INT_CONVERSION = YES;
				CLANG_WARN_NON_LITERAL_NULL_CONVERSION = YES;
				CLANG_WARN_OBJC_IMPLICIT_RETAIN_SELF = YES;
				CLANG_WARN_OBJC_LITERAL_CONVERSION = YES;
				CLANG_WARN_OBJC_ROOT_CLASS = YES_ERROR;
				CLANG_WARN_RANGE_LOOP_ANALYSIS = YES;
				CLANG_WARN_STRICT_PROTOTYPES = YES;
				CLANG_WARN_SUSPICIOUS_MOVE = YES;
				CLANG_WARN_UNGUARDED_AVAILABILITY = YES_AGGRESSIVE;
				CLANG_WARN_UNREACHABLE_CODE = YES;
				CLANG_WARN__DUPLICATE_METHOD_MATCH = YES;
				CODE_SIGN_IDENTITY = "iPhone Developer";
				COPY_PHASE_STRIP = NO;
				DEBUG_INFORMATION_FORMAT = "dwarf-with-dsym";
				ENABLE_NS_ASSERTIONS = NO;
				ENABLE_STRICT_OBJC_MSGSEND = YES;
				GCC_C_LANGUAGE_STANDARD = gnu11;
				GCC_NO_COMMON_BLOCKS = YES;
				GCC_WARN_64_TO_32_BIT_CONVERSION = YES;
				GCC_WARN_ABOUT_RETURN_TYPE = YES_ERROR;
				GCC_WARN_UNDECLARED_SELECTOR = YES;
				GCC_WARN_UNINITIALIZED_AUTOS = YES_AGGRESSIVE;
				GCC_WARN_UNUSED_FUNCTION = YES;
				GCC_WARN_UNUSED_VARIABLE = YES;
				IPHONEOS_DEPLOYMENT_TARGET = 12.4;
				MTL_ENABLE_DEBUG_INFO = NO;
				MTL_FAST_MATH = YES;
				SDKROOT = iphoneos;
				SWIFT_COMPILATION_MODE = wholemodule;
				SWIFT_OPTIMIZATION_LEVEL = "-O";
				VALIDATE_PRODUCT = YES;
			};
			name = Release;
		};
		7FD0AECF233C88C80095AC90 /* Debug */ = {
			isa = XCBuildConfiguration;
			buildSettings = {
				ASSETCATALOG_COMPILER_APPICON_NAME = AppIcon;
				CODE_SIGN_STYLE = Automatic;
				DEVELOPMENT_TEAM = 5V85JQ3Z9Z;
				INFOPLIST_FILE = "$(SRCROOT)/SwipeCalc/SupportFIles/Info.plist";
				LD_RUNPATH_SEARCH_PATHS = (
					"$(inherited)",
					"@executable_path/Frameworks",
				);
				PRODUCT_BUNDLE_IDENTIFIER = com.paulloots.SwipeCalc;
				PRODUCT_NAME = "$(TARGET_NAME)";
				SWIFT_VERSION = 5.0;
				TARGETED_DEVICE_FAMILY = "1,2";
			};
			name = Debug;
		};
		7FD0AED0233C88C80095AC90 /* Release */ = {
			isa = XCBuildConfiguration;
			buildSettings = {
				ASSETCATALOG_COMPILER_APPICON_NAME = AppIcon;
				CODE_SIGN_STYLE = Automatic;
				DEVELOPMENT_TEAM = 5V85JQ3Z9Z;
				INFOPLIST_FILE = "$(SRCROOT)/SwipeCalc/SupportFIles/Info.plist";
				LD_RUNPATH_SEARCH_PATHS = (
					"$(inherited)",
					"@executable_path/Frameworks",
				);
				PRODUCT_BUNDLE_IDENTIFIER = com.paulloots.SwipeCalc;
				PRODUCT_NAME = "$(TARGET_NAME)";
				SWIFT_VERSION = 5.0;
				TARGETED_DEVICE_FAMILY = "1,2";
			};
			name = Release;
		};
/* End XCBuildConfiguration section */

/* Begin XCConfigurationList section */
		7FD0AEB7233C88C80095AC90 /* Build configuration list for PBXProject "SwipeCalc" */ = {
			isa = XCConfigurationList;
			buildConfigurations = (
				7FD0AECC233C88C80095AC90 /* Debug */,
				7FD0AECD233C88C80095AC90 /* Release */,
			);
			defaultConfigurationIsVisible = 0;
			defaultConfigurationName = Release;
		};
		7FD0AECE233C88C80095AC90 /* Build configuration list for PBXNativeTarget "SwipeCalc" */ = {
			isa = XCConfigurationList;
			buildConfigurations = (
				7FD0AECF233C88C80095AC90 /* Debug */,
				7FD0AED0233C88C80095AC90 /* Release */,
			);
			defaultConfigurationIsVisible = 0;
			defaultConfigurationName = Release;
		};
/* End XCConfigurationList section */
	};
	rootObject = 7FD0AEB4233C88C80095AC90 /* Project object */;
}
